
Microsoft Visual Studio Solution File, Format Version 12.00
# Visual Studio Version 16
VisualStudioVersion = 16.0.32126.315
MinimumVisualStudioVersion = 10.0.40219.1
Project("{FAE04EC0-301F-11D3-BF4B-00C04F79EFBC}") = "Final-task-16.7", "Final-task-16.7\Final-task-16.7.csproj", "{D1FF2455-BB71-4DF0-836B-3BADB6F66BB0}"
EndProject
Project("{FAE04EC0-301F-11D3-BF4B-00C04F79EFBC}") = "Final-task-16.7.Tests", "Final-task-16.7.Tests\Final-task-16.7.Tests.csproj", "{B8417B02-586C-4222-B45A-0E66FDC89934}"
EndProject
Global
	GlobalSection(SolutionConfigurationPlatforms) = preSolution
		Debug|Any CPU = Debug|Any CPU
		Release|Any CPU = Release|Any CPU
	EndGlobalSection
	GlobalSection(ProjectConfigurationPlatforms) = postSolution
		{D1FF2455-BB71-4DF0-836B-3BADB6F66BB0}.Debug|Any CPU.ActiveCfg = Debug|Any CPU
		{D1FF2455-BB71-4DF0-836B-3BADB6F66BB0}.Debug|Any CPU.Build.0 = Debug|Any CPU
		{D1FF2455-BB71-4DF0-836B-3BADB6F66BB0}.Release|Any CPU.ActiveCfg = Release|Any CPU
		{D1FF2455-BB71-4DF0-836B-3BADB6F66BB0}.Release|Any CPU.Build.0 = Release|Any CPU
		{B8417B02-586C-4222-B45A-0E66FDC89934}.Debug|Any CPU.ActiveCfg = Debug|Any CPU
		{B8417B02-586C-4222-B45A-0E66FDC89934}.Debug|Any CPU.Build.0 = Debug|Any CPU
		{B8417B02-586C-4222-B45A-0E66FDC89934}.Release|Any CPU.ActiveCfg = Release|Any CPU
		{B8417B02-586C-4222-B45A-0E66FDC89934}.Release|Any CPU.Build.0 = Release|Any CPU
	EndGlobalSection
	GlobalSection(SolutionProperties) = preSolution
		HideSolutionNode = FALSE
	EndGlobalSection
	GlobalSection(ExtensibilityGlobals) = postSolution
		SolutionGuid = {8A35C976-7DFE-4DD3-92AD-2409C9DBE1F1}
	EndGlobalSection
EndGlobal
